
Microsoft Visual Studio Solution File, Format Version 12.00
# Visual Studio Version 17
VisualStudioVersion = 17.1.32421.90
MinimumVisualStudioVersion = 10.0.40219.1
Project("{FAE04EC0-301F-11D3-BF4B-00C04F79EFBC}") = "TipoDato", "TipoDato\TipoDato.csproj", "{55D18BBB-C7EC-48F4-A8CE-67AB6290921D}"
EndProject
Global
	GlobalSection(SolutionConfigurationPlatforms) = preSolution
		Debug|Any CPU = Debug|Any CPU
		Release|Any CPU = Release|Any CPU
	EndGlobalSection
	GlobalSection(ProjectConfigurationPlatforms) = postSolution
		{55D18BBB-C7EC-48F4-A8CE-67AB6290921D}.Debug|Any CPU.ActiveCfg = Debug|Any CPU
		{55D18BBB-C7EC-48F4-A8CE-67AB6290921D}.Debug|Any CPU.Build.0 = Debug|Any CPU
		{55D18BBB-C7EC-48F4-A8CE-67AB6290921D}.Release|Any CPU.ActiveCfg = Release|Any CPU
		{55D18BBB-C7EC-48F4-A8CE-67AB6290921D}.Release|Any CPU.Build.0 = Release|Any CPU
	EndGlobalSection
	GlobalSection(SolutionProperties) = preSolution
		HideSolutionNode = FALSE
	EndGlobalSection
	GlobalSection(ExtensibilityGlobals) = postSolution
		SolutionGuid = {897989B6-D271-4D04-B193-2FAFE4EB3DF4}
	EndGlobalSection
EndGlobal
